
Microsoft Visual Studio Solution File, Format Version 12.00
# Visual Studio Version 16
VisualStudioVersion = 16.0.809.0
MinimumVisualStudioVersion = 10.0.40219.1
Project("{FAE04EC0-301F-11D3-BF4B-00C04F79EFBC}") = "practice", "practice\practice.csproj", "{EE27A675-B904-4870-A7D3-0E702420E046}"
EndProject
Project("{FAE04EC0-301F-11D3-BF4B-00C04F79EFBC}") = "program", "program\program.csproj", "{0DAB7CA2-C65F-4821-8C66-B68470B5CA40}"
EndProject
Global
	GlobalSection(SolutionConfigurationPlatforms) = preSolution
		Debug|Any CPU = Debug|Any CPU
		Release|Any CPU = Release|Any CPU
	EndGlobalSection
	GlobalSection(ProjectConfigurationPlatforms) = postSolution
		{EE27A675-B904-4870-A7D3-0E702420E046}.Debug|Any CPU.ActiveCfg = Debug|Any CPU
		{EE27A675-B904-4870-A7D3-0E702420E046}.Debug|Any CPU.Build.0 = Debug|Any CPU
		{EE27A675-B904-4870-A7D3-0E702420E046}.Release|Any CPU.ActiveCfg = Release|Any CPU
		{EE27A675-B904-4870-A7D3-0E702420E046}.Release|Any CPU.Build.0 = Release|Any CPU
		{0DAB7CA2-C65F-4821-8C66-B68470B5CA40}.Debug|Any CPU.ActiveCfg = Debug|Any CPU
		{0DAB7CA2-C65F-4821-8C66-B68470B5CA40}.Debug|Any CPU.Build.0 = Debug|Any CPU
		{0DAB7CA2-C65F-4821-8C66-B68470B5CA40}.Release|Any CPU.ActiveCfg = Release|Any CPU
		{0DAB7CA2-C65F-4821-8C66-B68470B5CA40}.Release|Any CPU.Build.0 = Release|Any CPU
	EndGlobalSection
	GlobalSection(SolutionProperties) = preSolution
		HideSolutionNode = FALSE
	EndGlobalSection
	GlobalSection(ExtensibilityGlobals) = postSolution
		SolutionGuid = {402749E4-F7DF-48BC-ADBB-162030EE372E}
	EndGlobalSection
EndGlobal
